
Microsoft Visual Studio Solution File, Format Version 12.00
# Visual Studio Version 16
VisualStudioVersion = 16.0.29123.88
MinimumVisualStudioVersion = 10.0.40219.1
Project("{FAE04EC0-301F-11D3-BF4B-00C04F79EFBC}") = "Tasks_Parallel", "ConsoleApp1\Tasks_Parallel.csproj", "{624DFC8F-1D87-44FA-AC9A-1D46C39FAB23}"
EndProject
Global
	GlobalSection(SolutionConfigurationPlatforms) = preSolution
		Debug|Any CPU = Debug|Any CPU
		Release|Any CPU = Release|Any CPU
	EndGlobalSection
	GlobalSection(ProjectConfigurationPlatforms) = postSolution
		{624DFC8F-1D87-44FA-AC9A-1D46C39FAB23}.Debug|Any CPU.ActiveCfg = Debug|Any CPU
		{624DFC8F-1D87-44FA-AC9A-1D46C39FAB23}.Debug|Any CPU.Build.0 = Debug|Any CPU
		{624DFC8F-1D87-44FA-AC9A-1D46C39FAB23}.Release|Any CPU.ActiveCfg = Release|Any CPU
		{624DFC8F-1D87-44FA-AC9A-1D46C39FAB23}.Release|Any CPU.Build.0 = Release|Any CPU
	EndGlobalSection
	GlobalSection(SolutionProperties) = preSolution
		HideSolutionNode = FALSE
	EndGlobalSection
	GlobalSection(ExtensibilityGlobals) = postSolution
		SolutionGuid = {22D5EC83-1C5C-4B6F-A09F-E3E5D1DB608F}
	EndGlobalSection
EndGlobal
